
Microsoft Visual Studio Solution File, Format Version 12.00
# Visual Studio 15
VisualStudioVersion = 15.0.28307.421
MinimumVisualStudioVersion = 10.0.40219.1
Project("{FAE04EC0-301F-11D3-BF4B-00C04F79EFBC}") = "BuildTree", "BuildTree\BuildTree.csproj", "{CCD09CEC-EECD-4AD8-943D-025B43D3E39A}"
EndProject
Global
	GlobalSection(SolutionConfigurationPlatforms) = preSolution
		Debug|Any CPU = Debug|Any CPU
		Release|Any CPU = Release|Any CPU
	EndGlobalSection
	GlobalSection(ProjectConfigurationPlatforms) = postSolution
		{CCD09CEC-EECD-4AD8-943D-025B43D3E39A}.Debug|Any CPU.ActiveCfg = Debug|Any CPU
		{CCD09CEC-EECD-4AD8-943D-025B43D3E39A}.Debug|Any CPU.Build.0 = Debug|Any CPU
		{CCD09CEC-EECD-4AD8-943D-025B43D3E39A}.Release|Any CPU.ActiveCfg = Release|Any CPU
		{CCD09CEC-EECD-4AD8-943D-025B43D3E39A}.Release|Any CPU.Build.0 = Release|Any CPU
	EndGlobalSection
	GlobalSection(SolutionProperties) = preSolution
		HideSolutionNode = FALSE
	EndGlobalSection
	GlobalSection(ExtensibilityGlobals) = postSolution
		SolutionGuid = {60DC2D69-8D40-438D-867E-CAB271CF3B9D}
	EndGlobalSection
EndGlobal
