
Microsoft Visual Studio Solution File, Format Version 12.00
# Visual Studio 15
VisualStudioVersion = 15.0.28307.168
MinimumVisualStudioVersion = 10.0.40219.1
Project("{FAE04EC0-301F-11D3-BF4B-00C04F79EFBC}") = "CSExersice3a", "CSExersice3a\CSExersice3a.csproj", "{6E2FD410-AD20-421A-AB53-6327C9F1FECE}"
EndProject
Global
	GlobalSection(SolutionConfigurationPlatforms) = preSolution
		Debug|Any CPU = Debug|Any CPU
		Release|Any CPU = Release|Any CPU
	EndGlobalSection
	GlobalSection(ProjectConfigurationPlatforms) = postSolution
		{6E2FD410-AD20-421A-AB53-6327C9F1FECE}.Debug|Any CPU.ActiveCfg = Debug|Any CPU
		{6E2FD410-AD20-421A-AB53-6327C9F1FECE}.Debug|Any CPU.Build.0 = Debug|Any CPU
		{6E2FD410-AD20-421A-AB53-6327C9F1FECE}.Release|Any CPU.ActiveCfg = Release|Any CPU
		{6E2FD410-AD20-421A-AB53-6327C9F1FECE}.Release|Any CPU.Build.0 = Release|Any CPU
	EndGlobalSection
	GlobalSection(SolutionProperties) = preSolution
		HideSolutionNode = FALSE
	EndGlobalSection
	GlobalSection(ExtensibilityGlobals) = postSolution
		SolutionGuid = {6E50205F-D240-4C44-A4D9-984FA61437FE}
	EndGlobalSection
EndGlobal
