
Microsoft Visual Studio Solution File, Format Version 12.00
# Visual Studio 15
VisualStudioVersion = 15.0.28307.168
MinimumVisualStudioVersion = 10.0.40219.1
Project("{FAE04EC0-301F-11D3-BF4B-00C04F79EFBC}") = "AnimalFarm", "AnimalFarm\AnimalFarm.csproj", "{F4EB42B2-9815-4BEF-AD82-80A7DD1AB646}"
EndProject
Project("{FAE04EC0-301F-11D3-BF4B-00C04F79EFBC}") = "AnimalFarmTests", "AnimalFarmTests\AnimalFarmTests.csproj", "{C1D35DF6-D70B-4D8F-A708-7EF2A5791EDD}"
EndProject
Global
	GlobalSection(SolutionConfigurationPlatforms) = preSolution
		Debug|Any CPU = Debug|Any CPU
		Release|Any CPU = Release|Any CPU
	EndGlobalSection
	GlobalSection(ProjectConfigurationPlatforms) = postSolution
		{F4EB42B2-9815-4BEF-AD82-80A7DD1AB646}.Debug|Any CPU.ActiveCfg = Debug|Any CPU
		{F4EB42B2-9815-4BEF-AD82-80A7DD1AB646}.Debug|Any CPU.Build.0 = Debug|Any CPU
		{F4EB42B2-9815-4BEF-AD82-80A7DD1AB646}.Release|Any CPU.ActiveCfg = Release|Any CPU
		{F4EB42B2-9815-4BEF-AD82-80A7DD1AB646}.Release|Any CPU.Build.0 = Release|Any CPU
		{C1D35DF6-D70B-4D8F-A708-7EF2A5791EDD}.Debug|Any CPU.ActiveCfg = Debug|Any CPU
		{C1D35DF6-D70B-4D8F-A708-7EF2A5791EDD}.Debug|Any CPU.Build.0 = Debug|Any CPU
		{C1D35DF6-D70B-4D8F-A708-7EF2A5791EDD}.Release|Any CPU.ActiveCfg = Release|Any CPU
		{C1D35DF6-D70B-4D8F-A708-7EF2A5791EDD}.Release|Any CPU.Build.0 = Release|Any CPU
	EndGlobalSection
	GlobalSection(SolutionProperties) = preSolution
		HideSolutionNode = FALSE
	EndGlobalSection
	GlobalSection(ExtensibilityGlobals) = postSolution
		SolutionGuid = {2D28E68F-3951-41CC-BDF7-EF2E83331798}
	EndGlobalSection
EndGlobal
