
Microsoft Visual Studio Solution File, Format Version 12.00
# Visual Studio 15
VisualStudioVersion = 15.0.28307.421
MinimumVisualStudioVersion = 10.0.40219.1
Project("{FAE04EC0-301F-11D3-BF4B-00C04F79EFBC}") = "BinaryTree", "BinaryTree\BinaryTree.csproj", "{8213D91F-322E-4E7D-AFB3-9BF29B847804}"
EndProject
Project("{FAE04EC0-301F-11D3-BF4B-00C04F79EFBC}") = "BinaryTreeTest", "BinaryTreeTest\BinaryTreeTest.csproj", "{B49839C6-498B-440E-A66D-61F3F569FE80}"
EndProject
Global
	GlobalSection(SolutionConfigurationPlatforms) = preSolution
		Debug|Any CPU = Debug|Any CPU
		Release|Any CPU = Release|Any CPU
	EndGlobalSection
	GlobalSection(ProjectConfigurationPlatforms) = postSolution
		{8213D91F-322E-4E7D-AFB3-9BF29B847804}.Debug|Any CPU.ActiveCfg = Debug|Any CPU
		{8213D91F-322E-4E7D-AFB3-9BF29B847804}.Debug|Any CPU.Build.0 = Debug|Any CPU
		{8213D91F-322E-4E7D-AFB3-9BF29B847804}.Release|Any CPU.ActiveCfg = Release|Any CPU
		{8213D91F-322E-4E7D-AFB3-9BF29B847804}.Release|Any CPU.Build.0 = Release|Any CPU
		{B49839C6-498B-440E-A66D-61F3F569FE80}.Debug|Any CPU.ActiveCfg = Debug|Any CPU
		{B49839C6-498B-440E-A66D-61F3F569FE80}.Debug|Any CPU.Build.0 = Debug|Any CPU
		{B49839C6-498B-440E-A66D-61F3F569FE80}.Release|Any CPU.ActiveCfg = Release|Any CPU
		{B49839C6-498B-440E-A66D-61F3F569FE80}.Release|Any CPU.Build.0 = Release|Any CPU
	EndGlobalSection
	GlobalSection(SolutionProperties) = preSolution
		HideSolutionNode = FALSE
	EndGlobalSection
	GlobalSection(ExtensibilityGlobals) = postSolution
		SolutionGuid = {2B0E0933-9B01-4F45-B687-41393816F82A}
	EndGlobalSection
EndGlobal
